
Microsoft Visual Studio Solution File, Format Version 12.00
# Visual Studio Version 18
VisualStudioVersion = 18.0.11205.157
MinimumVisualStudioVersion = 10.0.40219.1
Project("{2150E333-8FDC-42A3-9474-1A3956D46DE8}") = "Core", "Core", "{D9674656-E0D7-420D-B964-F7CBE5CEE561}"
EndProject
Project("{2150E333-8FDC-42A3-9474-1A3956D46DE8}") = "Application", "Application", "{6D13D60C-1849-40EE-BF60-850E9D9AD43A}"
EndProject
Project("{2150E333-8FDC-42A3-9474-1A3956D46DE8}") = "Domain", "Domain", "{98418F51-34E8-4439-9EF6-720E733E562B}"
EndProject
Project("{9A19103F-16F7-4668-BE54-9A1E7A4F7556}") = "Bmg.ConsigBoilerplate.Domain", "Core\Domain\Bmg.ConsigBoilerplate.Domain\Bmg.ConsigBoilerplate.Domain.csproj", "{B0E31620-8D15-4BD5-BC8D-328619A364AE}"
EndProject
Project("{9A19103F-16F7-4668-BE54-9A1E7A4F7556}") = "Bmg.ConsigBoilerplate.Application", "Core\Application\Bmg.ConsigBoilerplate.Application\Bmg.ConsigBoilerplate.Application.csproj", "{FB50EF8C-4BFC-45F7-A510-F594DDDC057F}"
EndProject
Project("{2150E333-8FDC-42A3-9474-1A3956D46DE8}") = "Adapters", "Adapters", "{4641D207-14F1-4AC9-8A50-CF4572E8983B}"
EndProject
Project("{2150E333-8FDC-42A3-9474-1A3956D46DE8}") = "Driving", "Driving", "{CAFF5ACA-9CFF-44B1-BFE5-410A70A730D8}"
	ProjectSection(SolutionItems) = preProject
		Adapters\Driving\appsettings.Development.json = Adapters\Driving\appsettings.Development.json
	EndProjectSection
EndProject
Project("{2150E333-8FDC-42A3-9474-1A3956D46DE8}") = "Driven", "Driven", "{48421F92-7AD6-403F-A659-92FE4C39D2AD}"
EndProject
Project("{9A19103F-16F7-4668-BE54-9A1E7A4F7556}") = "Bmg.ConsigBoilerplate.Database", "Adapters\Driven\Bmg.ConsigBoilerplate.Database\Bmg.ConsigBoilerplate.Database.csproj", "{57828C9F-8825-4DFE-ABD1-E38217302D69}"
EndProject
Project("{2150E333-8FDC-42A3-9474-1A3956D46DE8}") = "Apis", "Apis", "{B9A42987-9142-40BA-A8C3-7DF8F51552BE}"
EndProject
Project("{9A19103F-16F7-4668-BE54-9A1E7A4F7556}") = "Bmg.ConsigBoilerplate.Api", "Adapters\Driving\Apis\Bmg.ConsigBoilerplate.Api\Bmg.ConsigBoilerplate.Api.csproj", "{8DD3B584-B10E-45AE-BDA3-C567E8E030D6}"
EndProject
Project("{2150E333-8FDC-42A3-9474-1A3956D46DE8}") = "Integrations", "Integrations", "{0E54AAD4-38C0-42C7-8FA9-A6A4FFD53E46}"
EndProject
Project("{2150E333-8FDC-42A3-9474-1A3956D46DE8}") = "Apis", "Apis", "{7361B572-BE03-4DE0-B8DE-4F936EE28EED}"
EndProject
Project("{9A19103F-16F7-4668-BE54-9A1E7A4F7556}") = "Bmg.ConsigBoilerplate.FaceTec", "Adapters\Driven\Integrations\Apis\Bmg.ConsigBoilerplate.FaceTec\Bmg.ConsigBoilerplate.FaceTec.csproj", "{5989FF6D-45D0-4E7D-A4A8-87CDB520BCBE}"
EndProject
Project("{2150E333-8FDC-42A3-9474-1A3956D46DE8}") = "Bmg", "Bmg", "{86140CC1-410C-49BE-80CA-02513A204105}"
EndProject
Project("{2150E333-8FDC-42A3-9474-1A3956D46DE8}") = "Solution Items", "Solution Items", "{B2EDAD1C-EF99-4DE1-B401-B6658A2C6A78}"
	ProjectSection(SolutionItems) = preProject
		README.md = README.md
	EndProjectSection
EndProject
Project("{2150E333-8FDC-42A3-9474-1A3956D46DE8}") = "Tests", "Tests", "{77C21927-E5D0-46F7-ADF5-F253223008DA}"
EndProject
Project("{2150E333-8FDC-42A3-9474-1A3956D46DE8}") = "Adapters", "Adapters", "{2F308AF8-E474-4B42-8BBE-2C37F68421E7}"
EndProject
Project("{2150E333-8FDC-42A3-9474-1A3956D46DE8}") = "Driving", "Driving", "{9D058EEB-9A55-4973-AA70-EE775B042924}"
EndProject
Project("{2150E333-8FDC-42A3-9474-1A3956D46DE8}") = "Apis", "Apis", "{E5DEE28E-8C05-48F4-B18D-57AFE4B3C3B9}"
EndProject
Project("{9A19103F-16F7-4668-BE54-9A1E7A4F7556}") = "Bmg.ConsigBoilerplate.Api.Test", "Tests\Adapters\Driving\Apis\Bmg.ConsigBoilerplate.Api.Test\Bmg.ConsigBoilerplate.Api.Test.csproj", "{E3728135-1F07-4659-8776-3BD1DD369B0E}"
EndProject
Project("{2150E333-8FDC-42A3-9474-1A3956D46DE8}") = "Core", "Core", "{0CA50319-DE8F-4A17-B964-D756797A0C9F}"
EndProject
Project("{2150E333-8FDC-42A3-9474-1A3956D46DE8}") = "Application", "Application", "{E55C8364-940D-4190-9B79-D14F2271ABD8}"
EndProject
Project("{9A19103F-16F7-4668-BE54-9A1E7A4F7556}") = "Bmg.ConsigBoilerplate.Application.Test", "Tests\Core\Application\Bmg.ConsigBoilerplate.Application.Test\Bmg.ConsigBoilerplate.Application.Test.csproj", "{5B0651B7-82B5-495A-B4A5-F4514B8D4603}"
EndProject
Project("{2150E333-8FDC-42A3-9474-1A3956D46DE8}") = "Driven", "Driven", "{093FDEB2-B293-40D3-8445-504070319058}"
EndProject
Project("{2150E333-8FDC-42A3-9474-1A3956D46DE8}") = "Integrations", "Integrations", "{7D215BA5-5C9D-4331-818D-6F7640821FCA}"
EndProject
Project("{2150E333-8FDC-42A3-9474-1A3956D46DE8}") = "Apis", "Apis", "{B649A8B6-C75E-4222-A829-88D8752D957D}"
EndProject
Project("{9A19103F-16F7-4668-BE54-9A1E7A4F7556}") = "Bmg.ConsigBoilerplate.FaceTec.Test", "Tests\Adapters\Driven\Integrations\Apis\Bmg.ConsigBoilerplate.FaceTec.Test\Bmg.ConsigBoilerplate.FaceTec.Test.csproj", "{9436AEA9-0EDF-4D97-987C-0121DEDD8808}"
EndProject
Project("{2150E333-8FDC-42A3-9474-1A3956D46DE8}") = "Bmg", "Bmg", "{8CED5757-CEC3-4749-961C-7CCBDC01969A}"
EndProject
Project("{9A19103F-16F7-4668-BE54-9A1E7A4F7556}") = "Bmg.ConsigBoilerplate.Metabusca.Test", "Tests\Adapters\Driven\Integrations\Apis\Bmg\Bmg.ConsigBoilerplate.Metabusca.Test\Bmg.ConsigBoilerplate.Metabusca.Test.csproj", "{A7E39D8C-7579-411D-B385-3DD7333D8EB7}"
EndProject
Project("{9A19103F-16F7-4668-BE54-9A1E7A4F7556}") = "Bmg.ConsigBoilerplate.Metabusca", "Adapters\Driven\Integrations\Apis\Bmg\Bmg.ConsigBoilerplate.Metabusca\Bmg.ConsigBoilerplate.Metabusca.csproj", "{00BDB786-1814-4ED6-BC93-146BDC9580E2}"
EndProject
Global
	GlobalSection(SolutionConfigurationPlatforms) = preSolution
		Debug|Any CPU = Debug|Any CPU
		Release|Any CPU = Release|Any CPU
	EndGlobalSection
	GlobalSection(ProjectConfigurationPlatforms) = postSolution
		{B0E31620-8D15-4BD5-BC8D-328619A364AE}.Debug|Any CPU.ActiveCfg = Debug|Any CPU
		{B0E31620-8D15-4BD5-BC8D-328619A364AE}.Debug|Any CPU.Build.0 = Debug|Any CPU
		{B0E31620-8D15-4BD5-BC8D-328619A364AE}.Release|Any CPU.ActiveCfg = Release|Any CPU
		{B0E31620-8D15-4BD5-BC8D-328619A364AE}.Release|Any CPU.Build.0 = Release|Any CPU
		{FB50EF8C-4BFC-45F7-A510-F594DDDC057F}.Debug|Any CPU.ActiveCfg = Debug|Any CPU
		{FB50EF8C-4BFC-45F7-A510-F594DDDC057F}.Debug|Any CPU.Build.0 = Debug|Any CPU
		{FB50EF8C-4BFC-45F7-A510-F594DDDC057F}.Release|Any CPU.ActiveCfg = Release|Any CPU
		{FB50EF8C-4BFC-45F7-A510-F594DDDC057F}.Release|Any CPU.Build.0 = Release|Any CPU
		{57828C9F-8825-4DFE-ABD1-E38217302D69}.Debug|Any CPU.ActiveCfg = Debug|Any CPU
		{57828C9F-8825-4DFE-ABD1-E38217302D69}.Debug|Any CPU.Build.0 = Debug|Any CPU
		{57828C9F-8825-4DFE-ABD1-E38217302D69}.Release|Any CPU.ActiveCfg = Release|Any CPU
		{57828C9F-8825-4DFE-ABD1-E38217302D69}.Release|Any CPU.Build.0 = Release|Any CPU
		{8DD3B584-B10E-45AE-BDA3-C567E8E030D6}.Debug|Any CPU.ActiveCfg = Debug|Any CPU
		{8DD3B584-B10E-45AE-BDA3-C567E8E030D6}.Debug|Any CPU.Build.0 = Debug|Any CPU
		{8DD3B584-B10E-45AE-BDA3-C567E8E030D6}.Release|Any CPU.ActiveCfg = Release|Any CPU
		{8DD3B584-B10E-45AE-BDA3-C567E8E030D6}.Release|Any CPU.Build.0 = Release|Any CPU
		{5989FF6D-45D0-4E7D-A4A8-87CDB520BCBE}.Debug|Any CPU.ActiveCfg = Debug|Any CPU
		{5989FF6D-45D0-4E7D-A4A8-87CDB520BCBE}.Debug|Any CPU.Build.0 = Debug|Any CPU
		{5989FF6D-45D0-4E7D-A4A8-87CDB520BCBE}.Release|Any CPU.ActiveCfg = Release|Any CPU
		{5989FF6D-45D0-4E7D-A4A8-87CDB520BCBE}.Release|Any CPU.Build.0 = Release|Any CPU
		{E3728135-1F07-4659-8776-3BD1DD369B0E}.Debug|Any CPU.ActiveCfg = Debug|Any CPU
		{E3728135-1F07-4659-8776-3BD1DD369B0E}.Debug|Any CPU.Build.0 = Debug|Any CPU
		{E3728135-1F07-4659-8776-3BD1DD369B0E}.Release|Any CPU.ActiveCfg = Release|Any CPU
		{E3728135-1F07-4659-8776-3BD1DD369B0E}.Release|Any CPU.Build.0 = Release|Any CPU
		{5B0651B7-82B5-495A-B4A5-F4514B8D4603}.Debug|Any CPU.ActiveCfg = Debug|Any CPU
		{5B0651B7-82B5-495A-B4A5-F4514B8D4603}.Debug|Any CPU.Build.0 = Debug|Any CPU
		{5B0651B7-82B5-495A-B4A5-F4514B8D4603}.Release|Any CPU.ActiveCfg = Release|Any CPU
		{5B0651B7-82B5-495A-B4A5-F4514B8D4603}.Release|Any CPU.Build.0 = Release|Any CPU
		{9436AEA9-0EDF-4D97-987C-0121DEDD8808}.Debug|Any CPU.ActiveCfg = Debug|Any CPU
		{9436AEA9-0EDF-4D97-987C-0121DEDD8808}.Debug|Any CPU.Build.0 = Debug|Any CPU
		{9436AEA9-0EDF-4D97-987C-0121DEDD8808}.Release|Any CPU.ActiveCfg = Release|Any CPU
		{9436AEA9-0EDF-4D97-987C-0121DEDD8808}.Release|Any CPU.Build.0 = Release|Any CPU
		{A7E39D8C-7579-411D-B385-3DD7333D8EB7}.Debug|Any CPU.ActiveCfg = Debug|Any CPU
		{A7E39D8C-7579-411D-B385-3DD7333D8EB7}.Debug|Any CPU.Build.0 = Debug|Any CPU
		{A7E39D8C-7579-411D-B385-3DD7333D8EB7}.Release|Any CPU.ActiveCfg = Release|Any CPU
		{A7E39D8C-7579-411D-B385-3DD7333D8EB7}.Release|Any CPU.Build.0 = Release|Any CPU
		{00BDB786-1814-4ED6-BC93-146BDC9580E2}.Debug|Any CPU.ActiveCfg = Debug|Any CPU
		{00BDB786-1814-4ED6-BC93-146BDC9580E2}.Debug|Any CPU.Build.0 = Debug|Any CPU
		{00BDB786-1814-4ED6-BC93-146BDC9580E2}.Release|Any CPU.ActiveCfg = Release|Any CPU
		{00BDB786-1814-4ED6-BC93-146BDC9580E2}.Release|Any CPU.Build.0 = Release|Any CPU
	EndGlobalSection
	GlobalSection(SolutionProperties) = preSolution
		HideSolutionNode = FALSE
	EndGlobalSection
	GlobalSection(NestedProjects) = preSolution
		{6D13D60C-1849-40EE-BF60-850E9D9AD43A} = {D9674656-E0D7-420D-B964-F7CBE5CEE561}
		{98418F51-34E8-4439-9EF6-720E733E562B} = {D9674656-E0D7-420D-B964-F7CBE5CEE561}
		{B0E31620-8D15-4BD5-BC8D-328619A364AE} = {98418F51-34E8-4439-9EF6-720E733E562B}
		{FB50EF8C-4BFC-45F7-A510-F594DDDC057F} = {6D13D60C-1849-40EE-BF60-850E9D9AD43A}
		{CAFF5ACA-9CFF-44B1-BFE5-410A70A730D8} = {4641D207-14F1-4AC9-8A50-CF4572E8983B}
		{48421F92-7AD6-403F-A659-92FE4C39D2AD} = {4641D207-14F1-4AC9-8A50-CF4572E8983B}
		{57828C9F-8825-4DFE-ABD1-E38217302D69} = {48421F92-7AD6-403F-A659-92FE4C39D2AD}
		{B9A42987-9142-40BA-A8C3-7DF8F51552BE} = {CAFF5ACA-9CFF-44B1-BFE5-410A70A730D8}
		{8DD3B584-B10E-45AE-BDA3-C567E8E030D6} = {B9A42987-9142-40BA-A8C3-7DF8F51552BE}
		{0E54AAD4-38C0-42C7-8FA9-A6A4FFD53E46} = {48421F92-7AD6-403F-A659-92FE4C39D2AD}
		{7361B572-BE03-4DE0-B8DE-4F936EE28EED} = {0E54AAD4-38C0-42C7-8FA9-A6A4FFD53E46}
		{5989FF6D-45D0-4E7D-A4A8-87CDB520BCBE} = {7361B572-BE03-4DE0-B8DE-4F936EE28EED}
		{86140CC1-410C-49BE-80CA-02513A204105} = {7361B572-BE03-4DE0-B8DE-4F936EE28EED}
		{2F308AF8-E474-4B42-8BBE-2C37F68421E7} = {77C21927-E5D0-46F7-ADF5-F253223008DA}
		{9D058EEB-9A55-4973-AA70-EE775B042924} = {2F308AF8-E474-4B42-8BBE-2C37F68421E7}
		{E5DEE28E-8C05-48F4-B18D-57AFE4B3C3B9} = {9D058EEB-9A55-4973-AA70-EE775B042924}
		{E3728135-1F07-4659-8776-3BD1DD369B0E} = {E5DEE28E-8C05-48F4-B18D-57AFE4B3C3B9}
		{0CA50319-DE8F-4A17-B964-D756797A0C9F} = {77C21927-E5D0-46F7-ADF5-F253223008DA}
		{E55C8364-940D-4190-9B79-D14F2271ABD8} = {0CA50319-DE8F-4A17-B964-D756797A0C9F}
		{5B0651B7-82B5-495A-B4A5-F4514B8D4603} = {E55C8364-940D-4190-9B79-D14F2271ABD8}
		{093FDEB2-B293-40D3-8445-504070319058} = {2F308AF8-E474-4B42-8BBE-2C37F68421E7}
		{7D215BA5-5C9D-4331-818D-6F7640821FCA} = {093FDEB2-B293-40D3-8445-504070319058}
		{B649A8B6-C75E-4222-A829-88D8752D957D} = {7D215BA5-5C9D-4331-818D-6F7640821FCA}
		{9436AEA9-0EDF-4D97-987C-0121DEDD8808} = {B649A8B6-C75E-4222-A829-88D8752D957D}
		{8CED5757-CEC3-4749-961C-7CCBDC01969A} = {B649A8B6-C75E-4222-A829-88D8752D957D}
		{A7E39D8C-7579-411D-B385-3DD7333D8EB7} = {8CED5757-CEC3-4749-961C-7CCBDC01969A}
		{00BDB786-1814-4ED6-BC93-146BDC9580E2} = {86140CC1-410C-49BE-80CA-02513A204105}
	EndGlobalSection
	GlobalSection(ExtensibilityGlobals) = postSolution
		SolutionGuid = {C2EAE5E3-E648-4C57-A8D6-1E89AAA1B0B6}
	EndGlobalSection
EndGlobal
